
Microsoft Visual Studio Solution File, Format Version 12.00
# Visual Studio Version 16
VisualStudioVersion = 16.0.30907.101
MinimumVisualStudioVersion = 10.0.40219.1
Project("{FAE04EC0-301F-11D3-BF4B-00C04F79EFBC}") = "WebApplication3", "WebApplication3\WebApplication3.csproj", "{1D195617-8C7F-4100-8A47-9C95C0BEA6E2}"
EndProject
Global
	GlobalSection(SolutionConfigurationPlatforms) = preSolution
		Debug|Any CPU = Debug|Any CPU
		Release|Any CPU = Release|Any CPU
	EndGlobalSection
	GlobalSection(ProjectConfigurationPlatforms) = postSolution
		{1D195617-8C7F-4100-8A47-9C95C0BEA6E2}.Debug|Any CPU.ActiveCfg = Debug|Any CPU
		{1D195617-8C7F-4100-8A47-9C95C0BEA6E2}.Debug|Any CPU.Build.0 = Debug|Any CPU
		{1D195617-8C7F-4100-8A47-9C95C0BEA6E2}.Release|Any CPU.ActiveCfg = Release|Any CPU
		{1D195617-8C7F-4100-8A47-9C95C0BEA6E2}.Release|Any CPU.Build.0 = Release|Any CPU
	EndGlobalSection
	GlobalSection(SolutionProperties) = preSolution
		HideSolutionNode = FALSE
	EndGlobalSection
	GlobalSection(ExtensibilityGlobals) = postSolution
		SolutionGuid = {7697763B-2CF8-4C78-9B74-C583FD99FCC7}
	EndGlobalSection
EndGlobal
