
Microsoft Visual Studio Solution File, Format Version 12.00
# Visual Studio Version 16
VisualStudioVersion = 16.0.30907.101
MinimumVisualStudioVersion = 10.0.40219.1
Project("{FAE04EC0-301F-11D3-BF4B-00C04F79EFBC}") = "WebApplication2", "WebApplication2\WebApplication2.csproj", "{226A0FFD-6B44-4C87-B38E-132FD64AAB81}"
EndProject
Global
	GlobalSection(SolutionConfigurationPlatforms) = preSolution
		Debug|Any CPU = Debug|Any CPU
		Release|Any CPU = Release|Any CPU
	EndGlobalSection
	GlobalSection(ProjectConfigurationPlatforms) = postSolution
		{226A0FFD-6B44-4C87-B38E-132FD64AAB81}.Debug|Any CPU.ActiveCfg = Debug|Any CPU
		{226A0FFD-6B44-4C87-B38E-132FD64AAB81}.Debug|Any CPU.Build.0 = Debug|Any CPU
		{226A0FFD-6B44-4C87-B38E-132FD64AAB81}.Release|Any CPU.ActiveCfg = Release|Any CPU
		{226A0FFD-6B44-4C87-B38E-132FD64AAB81}.Release|Any CPU.Build.0 = Release|Any CPU
	EndGlobalSection
	GlobalSection(SolutionProperties) = preSolution
		HideSolutionNode = FALSE
	EndGlobalSection
	GlobalSection(ExtensibilityGlobals) = postSolution
		SolutionGuid = {0619061F-6094-45D2-AACF-D079B8368711}
	EndGlobalSection
EndGlobal
